
Microsoft Visual Studio Solution File, Format Version 12.00
# Visual Studio Version 17
VisualStudioVersion = 17.12.35707.178
MinimumVisualStudioVersion = 10.0.40219.1
Project("{FAE04EC0-301F-11D3-BF4B-00C04F79EFBC}") = "Listed.API", "src\Listed.API\Listed.API.csproj", "{C6B0A579-0700-45B9-BCF6-AE221AF8DC8C}"
EndProject
Project("{FAE04EC0-301F-11D3-BF4B-00C04F79EFBC}") = "Listed.Infrastructure", "src\Listed.Infrastructure\Listed.Infrastructure.csproj", "{1DCAC54F-B0CB-437E-A26C-8AD95A962276}"
EndProject
Project("{FAE04EC0-301F-11D3-BF4B-00C04F79EFBC}") = "Listed.Domain", "src\Listed.Domain\Listed.Domain.csproj", "{8AAF2AD9-47C3-4B57-840E-756A33AED7FB}"
EndProject
Project("{FAE04EC0-301F-11D3-BF4B-00C04F79EFBC}") = "Listed.Application", "src\Listed.Application\Listed.Application.csproj", "{BA6E4757-ED19-4142-8D41-BA3920253ACE}"
EndProject
Project("{2150E333-8FDC-42A3-9474-1A3956D46DE8}") = "Solution Items", "Solution Items", "{595C0289-297D-4FD7-AA92-C65B740BEA31}"
	ProjectSection(SolutionItems) = preProject
		Directory.Packages.props = Directory.Packages.props
	EndProjectSection
EndProject
Project("{2150E333-8FDC-42A3-9474-1A3956D46DE8}") = "tests", "tests", "{0AB3BF05-4346-4AA6-1389-037BE0695223}"
EndProject
Project("{FAE04EC0-301F-11D3-BF4B-00C04F79EFBC}") = "Listed.API.IntegrationTests", "tests\Listed.API.IntegrationTests\Listed.API.IntegrationTests.csproj", "{F35A9372-AD52-482A-8913-962C8A47DE48}"
EndProject
Project("{2150E333-8FDC-42A3-9474-1A3956D46DE8}") = "src", "src", "{827E0CD3-B72D-47B6-A68D-7590B98EB39B}"
EndProject
Project("{FAE04EC0-301F-11D3-BF4B-00C04F79EFBC}") = "Listed.Application.UnitTests", "tests\Listed.Application.UnitTests\Listed.Application.UnitTests.csproj", "{2DE8C262-E39B-443C-AC05-90FD3E3B4739}"
EndProject
Project("{FAE04EC0-301F-11D3-BF4B-00C04F79EFBC}") = "Listed.Domain.UnitTests", "tests\Listed.Domain.UnitTests\Listed.Domain.UnitTests.csproj", "{FBB267A2-5EE1-45F7-8CA7-AA0F45AF7526}"
EndProject
Project("{FAE04EC0-301F-11D3-BF4B-00C04F79EFBC}") = "Listed.Testing", "tests\Listed.Testing\Listed.Testing.csproj", "{EBA11EE2-1EBA-47FD-98E0-D49AF0B6F65D}"
EndProject
Project("{FAE04EC0-301F-11D3-BF4B-00C04F79EFBC}") = "Listed.Infrastructure.IntegrationTests", "tests\Listed.Infrastructure.IntegrationTests\Listed.Infrastructure.IntegrationTests.csproj", "{1F35A463-B201-4913-A81E-718E60431B52}"
EndProject
Global
	GlobalSection(SolutionConfigurationPlatforms) = preSolution
		Debug|Any CPU = Debug|Any CPU
		Debug|x64 = Debug|x64
		Debug|x86 = Debug|x86
		Release|Any CPU = Release|Any CPU
		Release|x64 = Release|x64
		Release|x86 = Release|x86
	EndGlobalSection
	GlobalSection(ProjectConfigurationPlatforms) = postSolution
		{C6B0A579-0700-45B9-BCF6-AE221AF8DC8C}.Debug|Any CPU.ActiveCfg = Debug|Any CPU
		{C6B0A579-0700-45B9-BCF6-AE221AF8DC8C}.Debug|Any CPU.Build.0 = Debug|Any CPU
		{C6B0A579-0700-45B9-BCF6-AE221AF8DC8C}.Debug|x64.ActiveCfg = Debug|Any CPU
		{C6B0A579-0700-45B9-BCF6-AE221AF8DC8C}.Debug|x64.Build.0 = Debug|Any CPU
		{C6B0A579-0700-45B9-BCF6-AE221AF8DC8C}.Debug|x86.ActiveCfg = Debug|Any CPU
		{C6B0A579-0700-45B9-BCF6-AE221AF8DC8C}.Debug|x86.Build.0 = Debug|Any CPU
		{C6B0A579-0700-45B9-BCF6-AE221AF8DC8C}.Release|Any CPU.ActiveCfg = Release|Any CPU
		{C6B0A579-0700-45B9-BCF6-AE221AF8DC8C}.Release|Any CPU.Build.0 = Release|Any CPU
		{C6B0A579-0700-45B9-BCF6-AE221AF8DC8C}.Release|x64.ActiveCfg = Release|Any CPU
		{C6B0A579-0700-45B9-BCF6-AE221AF8DC8C}.Release|x64.Build.0 = Release|Any CPU
		{C6B0A579-0700-45B9-BCF6-AE221AF8DC8C}.Release|x86.ActiveCfg = Release|Any CPU
		{C6B0A579-0700-45B9-BCF6-AE221AF8DC8C}.Release|x86.Build.0 = Release|Any CPU
		{1DCAC54F-B0CB-437E-A26C-8AD95A962276}.Debug|Any CPU.ActiveCfg = Debug|Any CPU
		{1DCAC54F-B0CB-437E-A26C-8AD95A962276}.Debug|Any CPU.Build.0 = Debug|Any CPU
		{1DCAC54F-B0CB-437E-A26C-8AD95A962276}.Debug|x64.ActiveCfg = Debug|Any CPU
		{1DCAC54F-B0CB-437E-A26C-8AD95A962276}.Debug|x64.Build.0 = Debug|Any CPU
		{1DCAC54F-B0CB-437E-A26C-8AD95A962276}.Debug|x86.ActiveCfg = Debug|Any CPU
		{1DCAC54F-B0CB-437E-A26C-8AD95A962276}.Debug|x86.Build.0 = Debug|Any CPU
		{1DCAC54F-B0CB-437E-A26C-8AD95A962276}.Release|Any CPU.ActiveCfg = Release|Any CPU
		{1DCAC54F-B0CB-437E-A26C-8AD95A962276}.Release|Any CPU.Build.0 = Release|Any CPU
		{1DCAC54F-B0CB-437E-A26C-8AD95A962276}.Release|x64.ActiveCfg = Release|Any CPU
		{1DCAC54F-B0CB-437E-A26C-8AD95A962276}.Release|x64.Build.0 = Release|Any CPU
		{1DCAC54F-B0CB-437E-A26C-8AD95A962276}.Release|x86.ActiveCfg = Release|Any CPU
		{1DCAC54F-B0CB-437E-A26C-8AD95A962276}.Release|x86.Build.0 = Release|Any CPU
		{8AAF2AD9-47C3-4B57-840E-756A33AED7FB}.Debug|Any CPU.ActiveCfg = Debug|Any CPU
		{8AAF2AD9-47C3-4B57-840E-756A33AED7FB}.Debug|Any CPU.Build.0 = Debug|Any CPU
		{8AAF2AD9-47C3-4B57-840E-756A33AED7FB}.Debug|x64.ActiveCfg = Debug|Any CPU
		{8AAF2AD9-47C3-4B57-840E-756A33AED7FB}.Debug|x64.Build.0 = Debug|Any CPU
		{8AAF2AD9-47C3-4B57-840E-756A33AED7FB}.Debug|x86.ActiveCfg = Debug|Any CPU
		{8AAF2AD9-47C3-4B57-840E-756A33AED7FB}.Debug|x86.Build.0 = Debug|Any CPU
		{8AAF2AD9-47C3-4B57-840E-756A33AED7FB}.Release|Any CPU.ActiveCfg = Release|Any CPU
		{8AAF2AD9-47C3-4B57-840E-756A33AED7FB}.Release|Any CPU.Build.0 = Release|Any CPU
		{8AAF2AD9-47C3-4B57-840E-756A33AED7FB}.Release|x64.ActiveCfg = Release|Any CPU
		{8AAF2AD9-47C3-4B57-840E-756A33AED7FB}.Release|x64.Build.0 = Release|Any CPU
		{8AAF2AD9-47C3-4B57-840E-756A33AED7FB}.Release|x86.ActiveCfg = Release|Any CPU
		{8AAF2AD9-47C3-4B57-840E-756A33AED7FB}.Release|x86.Build.0 = Release|Any CPU
		{BA6E4757-ED19-4142-8D41-BA3920253ACE}.Debug|Any CPU.ActiveCfg = Debug|Any CPU
		{BA6E4757-ED19-4142-8D41-BA3920253ACE}.Debug|Any CPU.Build.0 = Debug|Any CPU
		{BA6E4757-ED19-4142-8D41-BA3920253ACE}.Debug|x64.ActiveCfg = Debug|Any CPU
		{BA6E4757-ED19-4142-8D41-BA3920253ACE}.Debug|x64.Build.0 = Debug|Any CPU
		{BA6E4757-ED19-4142-8D41-BA3920253ACE}.Debug|x86.ActiveCfg = Debug|Any CPU
		{BA6E4757-ED19-4142-8D41-BA3920253ACE}.Debug|x86.Build.0 = Debug|Any CPU
		{BA6E4757-ED19-4142-8D41-BA3920253ACE}.Release|Any CPU.ActiveCfg = Release|Any CPU
		{BA6E4757-ED19-4142-8D41-BA3920253ACE}.Release|Any CPU.Build.0 = Release|Any CPU
		{BA6E4757-ED19-4142-8D41-BA3920253ACE}.Release|x64.ActiveCfg = Release|Any CPU
		{BA6E4757-ED19-4142-8D41-BA3920253ACE}.Release|x64.Build.0 = Release|Any CPU
		{BA6E4757-ED19-4142-8D41-BA3920253ACE}.Release|x86.ActiveCfg = Release|Any CPU
		{BA6E4757-ED19-4142-8D41-BA3920253ACE}.Release|x86.Build.0 = Release|Any CPU
		{F35A9372-AD52-482A-8913-962C8A47DE48}.Debug|Any CPU.ActiveCfg = Debug|Any CPU
		{F35A9372-AD52-482A-8913-962C8A47DE48}.Debug|Any CPU.Build.0 = Debug|Any CPU
		{F35A9372-AD52-482A-8913-962C8A47DE48}.Debug|x64.ActiveCfg = Debug|Any CPU
		{F35A9372-AD52-482A-8913-962C8A47DE48}.Debug|x64.Build.0 = Debug|Any CPU
		{F35A9372-AD52-482A-8913-962C8A47DE48}.Debug|x86.ActiveCfg = Debug|Any CPU
		{F35A9372-AD52-482A-8913-962C8A47DE48}.Debug|x86.Build.0 = Debug|Any CPU
		{F35A9372-AD52-482A-8913-962C8A47DE48}.Release|Any CPU.ActiveCfg = Release|Any CPU
		{F35A9372-AD52-482A-8913-962C8A47DE48}.Release|Any CPU.Build.0 = Release|Any CPU
		{F35A9372-AD52-482A-8913-962C8A47DE48}.Release|x64.ActiveCfg = Release|Any CPU
		{F35A9372-AD52-482A-8913-962C8A47DE48}.Release|x64.Build.0 = Release|Any CPU
		{F35A9372-AD52-482A-8913-962C8A47DE48}.Release|x86.ActiveCfg = Release|Any CPU
		{F35A9372-AD52-482A-8913-962C8A47DE48}.Release|x86.Build.0 = Release|Any CPU
		{2DE8C262-E39B-443C-AC05-90FD3E3B4739}.Debug|Any CPU.ActiveCfg = Debug|Any CPU
		{2DE8C262-E39B-443C-AC05-90FD3E3B4739}.Debug|Any CPU.Build.0 = Debug|Any CPU
		{2DE8C262-E39B-443C-AC05-90FD3E3B4739}.Debug|x64.ActiveCfg = Debug|Any CPU
		{2DE8C262-E39B-443C-AC05-90FD3E3B4739}.Debug|x64.Build.0 = Debug|Any CPU
		{2DE8C262-E39B-443C-AC05-90FD3E3B4739}.Debug|x86.ActiveCfg = Debug|Any CPU
		{2DE8C262-E39B-443C-AC05-90FD3E3B4739}.Debug|x86.Build.0 = Debug|Any CPU
		{2DE8C262-E39B-443C-AC05-90FD3E3B4739}.Release|Any CPU.ActiveCfg = Release|Any CPU
		{2DE8C262-E39B-443C-AC05-90FD3E3B4739}.Release|Any CPU.Build.0 = Release|Any CPU
		{2DE8C262-E39B-443C-AC05-90FD3E3B4739}.Release|x64.ActiveCfg = Release|Any CPU
		{2DE8C262-E39B-443C-AC05-90FD3E3B4739}.Release|x64.Build.0 = Release|Any CPU
		{2DE8C262-E39B-443C-AC05-90FD3E3B4739}.Release|x86.ActiveCfg = Release|Any CPU
		{2DE8C262-E39B-443C-AC05-90FD3E3B4739}.Release|x86.Build.0 = Release|Any CPU
		{FBB267A2-5EE1-45F7-8CA7-AA0F45AF7526}.Debug|Any CPU.ActiveCfg = Debug|Any CPU
		{FBB267A2-5EE1-45F7-8CA7-AA0F45AF7526}.Debug|Any CPU.Build.0 = Debug|Any CPU
		{FBB267A2-5EE1-45F7-8CA7-AA0F45AF7526}.Debug|x64.ActiveCfg = Debug|Any CPU
		{FBB267A2-5EE1-45F7-8CA7-AA0F45AF7526}.Debug|x64.Build.0 = Debug|Any CPU
		{FBB267A2-5EE1-45F7-8CA7-AA0F45AF7526}.Debug|x86.ActiveCfg = Debug|Any CPU
		{FBB267A2-5EE1-45F7-8CA7-AA0F45AF7526}.Debug|x86.Build.0 = Debug|Any CPU
		{FBB267A2-5EE1-45F7-8CA7-AA0F45AF7526}.Release|Any CPU.ActiveCfg = Release|Any CPU
		{FBB267A2-5EE1-45F7-8CA7-AA0F45AF7526}.Release|Any CPU.Build.0 = Release|Any CPU
		{FBB267A2-5EE1-45F7-8CA7-AA0F45AF7526}.Release|x64.ActiveCfg = Release|Any CPU
		{FBB267A2-5EE1-45F7-8CA7-AA0F45AF7526}.Release|x64.Build.0 = Release|Any CPU
		{FBB267A2-5EE1-45F7-8CA7-AA0F45AF7526}.Release|x86.ActiveCfg = Release|Any CPU
		{FBB267A2-5EE1-45F7-8CA7-AA0F45AF7526}.Release|x86.Build.0 = Release|Any CPU
		{EBA11EE2-1EBA-47FD-98E0-D49AF0B6F65D}.Debug|Any CPU.ActiveCfg = Debug|Any CPU
		{EBA11EE2-1EBA-47FD-98E0-D49AF0B6F65D}.Debug|Any CPU.Build.0 = Debug|Any CPU
		{EBA11EE2-1EBA-47FD-98E0-D49AF0B6F65D}.Debug|x64.ActiveCfg = Debug|Any CPU
		{EBA11EE2-1EBA-47FD-98E0-D49AF0B6F65D}.Debug|x64.Build.0 = Debug|Any CPU
		{EBA11EE2-1EBA-47FD-98E0-D49AF0B6F65D}.Debug|x86.ActiveCfg = Debug|Any CPU
		{EBA11EE2-1EBA-47FD-98E0-D49AF0B6F65D}.Debug|x86.Build.0 = Debug|Any CPU
		{EBA11EE2-1EBA-47FD-98E0-D49AF0B6F65D}.Release|Any CPU.ActiveCfg = Release|Any CPU
		{EBA11EE2-1EBA-47FD-98E0-D49AF0B6F65D}.Release|Any CPU.Build.0 = Release|Any CPU
		{EBA11EE2-1EBA-47FD-98E0-D49AF0B6F65D}.Release|x64.ActiveCfg = Release|Any CPU
		{EBA11EE2-1EBA-47FD-98E0-D49AF0B6F65D}.Release|x64.Build.0 = Release|Any CPU
		{EBA11EE2-1EBA-47FD-98E0-D49AF0B6F65D}.Release|x86.ActiveCfg = Release|Any CPU
		{EBA11EE2-1EBA-47FD-98E0-D49AF0B6F65D}.Release|x86.Build.0 = Release|Any CPU
		{1F35A463-B201-4913-A81E-718E60431B52}.Debug|Any CPU.ActiveCfg = Debug|Any CPU
		{1F35A463-B201-4913-A81E-718E60431B52}.Debug|Any CPU.Build.0 = Debug|Any CPU
		{1F35A463-B201-4913-A81E-718E60431B52}.Debug|x64.ActiveCfg = Debug|Any CPU
		{1F35A463-B201-4913-A81E-718E60431B52}.Debug|x64.Build.0 = Debug|Any CPU
		{1F35A463-B201-4913-A81E-718E60431B52}.Debug|x86.ActiveCfg = Debug|Any CPU
		{1F35A463-B201-4913-A81E-718E60431B52}.Debug|x86.Build.0 = Debug|Any CPU
		{1F35A463-B201-4913-A81E-718E60431B52}.Release|Any CPU.ActiveCfg = Release|Any CPU
		{1F35A463-B201-4913-A81E-718E60431B52}.Release|Any CPU.Build.0 = Release|Any CPU
		{1F35A463-B201-4913-A81E-718E60431B52}.Release|x64.ActiveCfg = Release|Any CPU
		{1F35A463-B201-4913-A81E-718E60431B52}.Release|x64.Build.0 = Release|Any CPU
		{1F35A463-B201-4913-A81E-718E60431B52}.Release|x86.ActiveCfg = Release|Any CPU
		{1F35A463-B201-4913-A81E-718E60431B52}.Release|x86.Build.0 = Release|Any CPU
	EndGlobalSection
	GlobalSection(SolutionProperties) = preSolution
		HideSolutionNode = FALSE
	EndGlobalSection
	GlobalSection(NestedProjects) = preSolution
		{F35A9372-AD52-482A-8913-962C8A47DE48} = {0AB3BF05-4346-4AA6-1389-037BE0695223}
		{2DE8C262-E39B-443C-AC05-90FD3E3B4739} = {0AB3BF05-4346-4AA6-1389-037BE0695223}
		{FBB267A2-5EE1-45F7-8CA7-AA0F45AF7526} = {0AB3BF05-4346-4AA6-1389-037BE0695223}
		{EBA11EE2-1EBA-47FD-98E0-D49AF0B6F65D} = {0AB3BF05-4346-4AA6-1389-037BE0695223}
		{1F35A463-B201-4913-A81E-718E60431B52} = {0AB3BF05-4346-4AA6-1389-037BE0695223}
	EndGlobalSection
EndGlobal
